
Microsoft Visual Studio Solution File, Format Version 12.00
# Visual Studio Version 17
VisualStudioVersion = 17.1.32319.34
MinimumVisualStudioVersion = 10.0.40219.1
Project("{8BC9CEB8-8B4A-11D0-8D11-00A0C91BC942}") = "Chess", "Chess.vcxproj", "{42071893-E1BE-4D4C-B582-3214EB2FECE6}"
EndProject
Project("{8BC9CEB8-8B4A-11D0-8D11-00A0C91BC942}") = "Lecture_Exercises", "..\..\Lecture_Exercises.vcxproj", "{1DFF130A-CFBA-4341-A55A-E6690D7D8DD7}"
EndProject
Project("{8BC9CEB8-8B4A-11D0-8D11-00A0C91BC942}") = "ZyBooks", "..\..\..\..\..\..\zyBooks\Mcsft Visual Studio\ZyBooks\ZyBooks\ZyBooks.vcxproj", "{674E7CB2-A363-4E32-9997-33FAB0D7A074}"
EndProject
Project("{8BC9CEB8-8B4A-11D0-8D11-00A0C91BC942}") = "Shop", "..\..\Shop\Shop\Shop.vcxproj", "{4D08E6B5-352D-426C-BC67-227BEB66805F}"
EndProject
Global
	GlobalSection(SolutionConfigurationPlatforms) = preSolution
		Debug|x64 = Debug|x64
		Debug|x86 = Debug|x86
		Release|x64 = Release|x64
		Release|x86 = Release|x86
	EndGlobalSection
	GlobalSection(ProjectConfigurationPlatforms) = postSolution
		{42071893-E1BE-4D4C-B582-3214EB2FECE6}.Debug|x64.ActiveCfg = Debug|x64
		{42071893-E1BE-4D4C-B582-3214EB2FECE6}.Debug|x64.Build.0 = Debug|x64
		{42071893-E1BE-4D4C-B582-3214EB2FECE6}.Debug|x86.ActiveCfg = Debug|Win32
		{42071893-E1BE-4D4C-B582-3214EB2FECE6}.Debug|x86.Build.0 = Debug|Win32
		{42071893-E1BE-4D4C-B582-3214EB2FECE6}.Release|x64.ActiveCfg = Release|x64
		{42071893-E1BE-4D4C-B582-3214EB2FECE6}.Release|x64.Build.0 = Release|x64
		{42071893-E1BE-4D4C-B582-3214EB2FECE6}.Release|x86.ActiveCfg = Release|Win32
		{42071893-E1BE-4D4C-B582-3214EB2FECE6}.Release|x86.Build.0 = Release|Win32
		{1DFF130A-CFBA-4341-A55A-E6690D7D8DD7}.Debug|x64.ActiveCfg = Debug|x64
		{1DFF130A-CFBA-4341-A55A-E6690D7D8DD7}.Debug|x64.Build.0 = Debug|x64
		{1DFF130A-CFBA-4341-A55A-E6690D7D8DD7}.Debug|x86.ActiveCfg = Debug|Win32
		{1DFF130A-CFBA-4341-A55A-E6690D7D8DD7}.Debug|x86.Build.0 = Debug|Win32
		{1DFF130A-CFBA-4341-A55A-E6690D7D8DD7}.Release|x64.ActiveCfg = Release|x64
		{1DFF130A-CFBA-4341-A55A-E6690D7D8DD7}.Release|x64.Build.0 = Release|x64
		{1DFF130A-CFBA-4341-A55A-E6690D7D8DD7}.Release|x86.ActiveCfg = Release|Win32
		{1DFF130A-CFBA-4341-A55A-E6690D7D8DD7}.Release|x86.Build.0 = Release|Win32
		{674E7CB2-A363-4E32-9997-33FAB0D7A074}.Debug|x64.ActiveCfg = Debug|x64
		{674E7CB2-A363-4E32-9997-33FAB0D7A074}.Debug|x64.Build.0 = Debug|x64
		{674E7CB2-A363-4E32-9997-33FAB0D7A074}.Debug|x86.ActiveCfg = Debug|Win32
		{674E7CB2-A363-4E32-9997-33FAB0D7A074}.Debug|x86.Build.0 = Debug|Win32
		{674E7CB2-A363-4E32-9997-33FAB0D7A074}.Release|x64.ActiveCfg = Release|x64
		{674E7CB2-A363-4E32-9997-33FAB0D7A074}.Release|x64.Build.0 = Release|x64
		{674E7CB2-A363-4E32-9997-33FAB0D7A074}.Release|x86.ActiveCfg = Release|Win32
		{674E7CB2-A363-4E32-9997-33FAB0D7A074}.Release|x86.Build.0 = Release|Win32
		{4D08E6B5-352D-426C-BC67-227BEB66805F}.Debug|x64.ActiveCfg = Debug|x64
		{4D08E6B5-352D-426C-BC67-227BEB66805F}.Debug|x64.Build.0 = Debug|x64
		{4D08E6B5-352D-426C-BC67-227BEB66805F}.Debug|x86.ActiveCfg = Debug|Win32
		{4D08E6B5-352D-426C-BC67-227BEB66805F}.Debug|x86.Build.0 = Debug|Win32
		{4D08E6B5-352D-426C-BC67-227BEB66805F}.Release|x64.ActiveCfg = Release|x64
		{4D08E6B5-352D-426C-BC67-227BEB66805F}.Release|x64.Build.0 = Release|x64
		{4D08E6B5-352D-426C-BC67-227BEB66805F}.Release|x86.ActiveCfg = Release|Win32
		{4D08E6B5-352D-426C-BC67-227BEB66805F}.Release|x86.Build.0 = Release|Win32
	EndGlobalSection
	GlobalSection(SolutionProperties) = preSolution
		HideSolutionNode = FALSE
	EndGlobalSection
	GlobalSection(ExtensibilityGlobals) = postSolution
		SolutionGuid = {AA1D74E7-A040-471E-87B1-545173DD073E}
	EndGlobalSection
EndGlobal
