<?xml version="1.0" encoding="utf-8"?>
<Project ToolsVersion="4.0" xmlns="http://schemas.microsoft.com/developer/msbuild/2003">
  <ItemGroup>
    <ClCompile Include="Arbiter.cpp" />
    <ClCompile Include="Board.cpp" />
    <ClCompile Include="Player.cpp" />
    <ClCompile Include="Source.cpp" />
  </ItemGroup>
  <ItemGroup>
    <ClInclude Include="Arbiter.h" />
    <ClInclude Include="Board.h" />
    <ClInclude Include="Chess_DLL.h" />
    <ClInclude Include="Piece.h" />
    <ClInclude Include="Player.h" />
  </ItemGroup>
</Project>